
Microsoft Visual Studio Solution File, Format Version 12.00
# Visual Studio Version 16
VisualStudioVersion = 16.0.30517.126
MinimumVisualStudioVersion = 10.0.40219.1
Project("{FAE04EC0-301F-11D3-BF4B-00C04F79EFBC}") = "PersonalityTest", "PersonalityTest\PersonalityTest.csproj", "{FFB78DE6-9B50-4A11-8F09-0A3A06C524CB}"
EndProject
Project("{FAE04EC0-301F-11D3-BF4B-00C04F79EFBC}") = "PersonalityTestSwitch", "PersonalityTestSwitch\PersonalityTestSwitch.csproj", "{EE52FEC8-7EAD-4D65-B1BB-BB25462A416B}"
EndProject
Project("{FAE04EC0-301F-11D3-BF4B-00C04F79EFBC}") = "GradingIf", "GradingIf\GradingIf.csproj", "{4C750AB2-93D0-4B43-9154-603A035C45B7}"
EndProject
Project("{FAE04EC0-301F-11D3-BF4B-00C04F79EFBC}") = "GradingSwitch", "GradingSwitch\GradingSwitch.csproj", "{DB89BDF9-681B-43F2-B63F-5E2172A71B01}"
EndProject
Global
	GlobalSection(SolutionConfigurationPlatforms) = preSolution
		Debug|Any CPU = Debug|Any CPU
		Release|Any CPU = Release|Any CPU
	EndGlobalSection
	GlobalSection(ProjectConfigurationPlatforms) = postSolution
		{FFB78DE6-9B50-4A11-8F09-0A3A06C524CB}.Debug|Any CPU.ActiveCfg = Debug|Any CPU
		{FFB78DE6-9B50-4A11-8F09-0A3A06C524CB}.Debug|Any CPU.Build.0 = Debug|Any CPU
		{FFB78DE6-9B50-4A11-8F09-0A3A06C524CB}.Release|Any CPU.ActiveCfg = Release|Any CPU
		{FFB78DE6-9B50-4A11-8F09-0A3A06C524CB}.Release|Any CPU.Build.0 = Release|Any CPU
		{EE52FEC8-7EAD-4D65-B1BB-BB25462A416B}.Debug|Any CPU.ActiveCfg = Debug|Any CPU
		{EE52FEC8-7EAD-4D65-B1BB-BB25462A416B}.Debug|Any CPU.Build.0 = Debug|Any CPU
		{EE52FEC8-7EAD-4D65-B1BB-BB25462A416B}.Release|Any CPU.ActiveCfg = Release|Any CPU
		{EE52FEC8-7EAD-4D65-B1BB-BB25462A416B}.Release|Any CPU.Build.0 = Release|Any CPU
		{4C750AB2-93D0-4B43-9154-603A035C45B7}.Debug|Any CPU.ActiveCfg = Debug|Any CPU
		{4C750AB2-93D0-4B43-9154-603A035C45B7}.Debug|Any CPU.Build.0 = Debug|Any CPU
		{4C750AB2-93D0-4B43-9154-603A035C45B7}.Release|Any CPU.ActiveCfg = Release|Any CPU
		{4C750AB2-93D0-4B43-9154-603A035C45B7}.Release|Any CPU.Build.0 = Release|Any CPU
		{DB89BDF9-681B-43F2-B63F-5E2172A71B01}.Debug|Any CPU.ActiveCfg = Debug|Any CPU
		{DB89BDF9-681B-43F2-B63F-5E2172A71B01}.Debug|Any CPU.Build.0 = Debug|Any CPU
		{DB89BDF9-681B-43F2-B63F-5E2172A71B01}.Release|Any CPU.ActiveCfg = Release|Any CPU
		{DB89BDF9-681B-43F2-B63F-5E2172A71B01}.Release|Any CPU.Build.0 = Release|Any CPU
	EndGlobalSection
	GlobalSection(SolutionProperties) = preSolution
		HideSolutionNode = FALSE
	EndGlobalSection
	GlobalSection(ExtensibilityGlobals) = postSolution
		SolutionGuid = {F77086AD-865F-4A24-A569-1B08C5AFA30E}
	EndGlobalSection
EndGlobal
